
Microsoft Visual Studio Solution File, Format Version 12.00
# Visual Studio Version 16
VisualStudioVersion = 16.0.33927.289
MinimumVisualStudioVersion = 10.0.40219.1
Project("{FAE04EC0-301F-11D3-BF4B-00C04F79EFBC}") = "MyServer.App", "MyServer.App.csproj", "{8767112B-F99B-4833-91CA-51113F5417CD}"
EndProject
Project("{FAE04EC0-301F-11D3-BF4B-00C04F79EFBC}") = "MyServer", "..\MyServer\MyServer.csproj", "{4D69C238-06CA-4C5C-B711-45678FD8F44D}"
EndProject
Global
	GlobalSection(SolutionConfigurationPlatforms) = preSolution
		Debug|Any CPU = Debug|Any CPU
		Release|Any CPU = Release|Any CPU
	EndGlobalSection
	GlobalSection(ProjectConfigurationPlatforms) = postSolution
		{8767112B-F99B-4833-91CA-51113F5417CD}.Debug|Any CPU.ActiveCfg = Debug|Any CPU
		{8767112B-F99B-4833-91CA-51113F5417CD}.Debug|Any CPU.Build.0 = Debug|Any CPU
		{8767112B-F99B-4833-91CA-51113F5417CD}.Release|Any CPU.ActiveCfg = Release|Any CPU
		{8767112B-F99B-4833-91CA-51113F5417CD}.Release|Any CPU.Build.0 = Release|Any CPU
		{4D69C238-06CA-4C5C-B711-45678FD8F44D}.Debug|Any CPU.ActiveCfg = Debug|Any CPU
		{4D69C238-06CA-4C5C-B711-45678FD8F44D}.Debug|Any CPU.Build.0 = Debug|Any CPU
		{4D69C238-06CA-4C5C-B711-45678FD8F44D}.Release|Any CPU.ActiveCfg = Release|Any CPU
		{4D69C238-06CA-4C5C-B711-45678FD8F44D}.Release|Any CPU.Build.0 = Release|Any CPU
	EndGlobalSection
	GlobalSection(SolutionProperties) = preSolution
		HideSolutionNode = FALSE
	EndGlobalSection
	GlobalSection(ExtensibilityGlobals) = postSolution
		SolutionGuid = {54EEE36C-7157-407C-9264-089A9786C2C3}
	EndGlobalSection
EndGlobal
